
Microsoft Visual Studio Solution File, Format Version 12.00
# Visual Studio 15
VisualStudioVersion = 15.0.27130.2024
MinimumVisualStudioVersion = 10.0.40219.1
Project("{FAE04EC0-301F-11D3-BF4B-00C04F79EFBC}") = "SampleWebApi", "SampleWebApi\SampleWebApi.csproj", "{14A20DD6-B06E-4CBE-9570-855A1143DBFF}"
EndProject
Project("{FAE04EC0-301F-11D3-BF4B-00C04F79EFBC}") = "NoData", "NoData\NoData.csproj", "{2FD300AF-CBD1-4A01-B10A-42FEC3499736}"
EndProject
Project("{FAE04EC0-301F-11D3-BF4B-00C04F79EFBC}") = "NoData.Tests", "NoData.Tests\NoData.Tests.csproj", "{29AB0DED-4012-45B7-9392-FF90E253CF69}"
EndProject
Project("{FAE04EC0-301F-11D3-BF4B-00C04F79EFBC}") = "SampleEFCoreApi", "SampleEFCoreApi\SampleEFCoreApi.csproj", "{23346E5A-0BE3-43EB-AE7E-233D8F7EE0AC}"
EndProject
Project("{FAE04EC0-301F-11D3-BF4B-00C04F79EFBC}") = "Graph", "Graph\Graph.csproj", "{D85E9573-FA02-406D-90A9-05F59B5D3381}"
EndProject
Project("{FAE04EC0-301F-11D3-BF4B-00C04F79EFBC}") = "Cache", "Cache\Cache.csproj", "{8A27580F-ED8E-4C68-9F73-8F3CF6E6E32C}"
EndProject
Project("{FAE04EC0-301F-11D3-BF4B-00C04F79EFBC}") = "CodeTools", "CodeTools\CodeTools.csproj", "{2D9D01EA-D25D-4D93-A2CD-5DFC8C74C661}"
EndProject
Global
	GlobalSection(SolutionConfigurationPlatforms) = preSolution
		Debug|Any CPU = Debug|Any CPU
		Debug|x86 = Debug|x86
		Release|Any CPU = Release|Any CPU
		Release|x86 = Release|x86
	EndGlobalSection
	GlobalSection(ProjectConfigurationPlatforms) = postSolution
		{14A20DD6-B06E-4CBE-9570-855A1143DBFF}.Debug|Any CPU.ActiveCfg = Debug|Any CPU
		{14A20DD6-B06E-4CBE-9570-855A1143DBFF}.Debug|Any CPU.Build.0 = Debug|Any CPU
		{14A20DD6-B06E-4CBE-9570-855A1143DBFF}.Debug|x86.ActiveCfg = Debug|Any CPU
		{14A20DD6-B06E-4CBE-9570-855A1143DBFF}.Debug|x86.Build.0 = Debug|Any CPU
		{14A20DD6-B06E-4CBE-9570-855A1143DBFF}.Release|Any CPU.ActiveCfg = Release|Any CPU
		{14A20DD6-B06E-4CBE-9570-855A1143DBFF}.Release|Any CPU.Build.0 = Release|Any CPU
		{14A20DD6-B06E-4CBE-9570-855A1143DBFF}.Release|x86.ActiveCfg = Release|Any CPU
		{14A20DD6-B06E-4CBE-9570-855A1143DBFF}.Release|x86.Build.0 = Release|Any CPU
		{2FD300AF-CBD1-4A01-B10A-42FEC3499736}.Debug|Any CPU.ActiveCfg = Debug|Any CPU
		{2FD300AF-CBD1-4A01-B10A-42FEC3499736}.Debug|Any CPU.Build.0 = Debug|Any CPU
		{2FD300AF-CBD1-4A01-B10A-42FEC3499736}.Debug|x86.ActiveCfg = Debug|Any CPU
		{2FD300AF-CBD1-4A01-B10A-42FEC3499736}.Debug|x86.Build.0 = Debug|Any CPU
		{2FD300AF-CBD1-4A01-B10A-42FEC3499736}.Release|Any CPU.ActiveCfg = Release|Any CPU
		{2FD300AF-CBD1-4A01-B10A-42FEC3499736}.Release|Any CPU.Build.0 = Release|Any CPU
		{2FD300AF-CBD1-4A01-B10A-42FEC3499736}.Release|x86.ActiveCfg = Release|Any CPU
		{2FD300AF-CBD1-4A01-B10A-42FEC3499736}.Release|x86.Build.0 = Release|Any CPU
		{29AB0DED-4012-45B7-9392-FF90E253CF69}.Debug|Any CPU.ActiveCfg = Debug|Any CPU
		{29AB0DED-4012-45B7-9392-FF90E253CF69}.Debug|Any CPU.Build.0 = Debug|Any CPU
		{29AB0DED-4012-45B7-9392-FF90E253CF69}.Debug|x86.ActiveCfg = Debug|Any CPU
		{29AB0DED-4012-45B7-9392-FF90E253CF69}.Debug|x86.Build.0 = Debug|Any CPU
		{29AB0DED-4012-45B7-9392-FF90E253CF69}.Release|Any CPU.ActiveCfg = Release|Any CPU
		{29AB0DED-4012-45B7-9392-FF90E253CF69}.Release|Any CPU.Build.0 = Release|Any CPU
		{29AB0DED-4012-45B7-9392-FF90E253CF69}.Release|x86.ActiveCfg = Release|Any CPU
		{29AB0DED-4012-45B7-9392-FF90E253CF69}.Release|x86.Build.0 = Release|Any CPU
		{23346E5A-0BE3-43EB-AE7E-233D8F7EE0AC}.Debug|Any CPU.ActiveCfg = Debug|Any CPU
		{23346E5A-0BE3-43EB-AE7E-233D8F7EE0AC}.Debug|Any CPU.Build.0 = Debug|Any CPU
		{23346E5A-0BE3-43EB-AE7E-233D8F7EE0AC}.Debug|x86.ActiveCfg = Debug|Any CPU
		{23346E5A-0BE3-43EB-AE7E-233D8F7EE0AC}.Debug|x86.Build.0 = Debug|Any CPU
		{23346E5A-0BE3-43EB-AE7E-233D8F7EE0AC}.Release|Any CPU.ActiveCfg = Release|Any CPU
		{23346E5A-0BE3-43EB-AE7E-233D8F7EE0AC}.Release|Any CPU.Build.0 = Release|Any CPU
		{23346E5A-0BE3-43EB-AE7E-233D8F7EE0AC}.Release|x86.ActiveCfg = Release|Any CPU
		{23346E5A-0BE3-43EB-AE7E-233D8F7EE0AC}.Release|x86.Build.0 = Release|Any CPU
		{D85E9573-FA02-406D-90A9-05F59B5D3381}.Debug|Any CPU.ActiveCfg = Debug|Any CPU
		{D85E9573-FA02-406D-90A9-05F59B5D3381}.Debug|Any CPU.Build.0 = Debug|Any CPU
		{D85E9573-FA02-406D-90A9-05F59B5D3381}.Debug|x86.ActiveCfg = Debug|Any CPU
		{D85E9573-FA02-406D-90A9-05F59B5D3381}.Debug|x86.Build.0 = Debug|Any CPU
		{D85E9573-FA02-406D-90A9-05F59B5D3381}.Release|Any CPU.ActiveCfg = Release|Any CPU
		{D85E9573-FA02-406D-90A9-05F59B5D3381}.Release|Any CPU.Build.0 = Release|Any CPU
		{D85E9573-FA02-406D-90A9-05F59B5D3381}.Release|x86.ActiveCfg = Release|Any CPU
		{D85E9573-FA02-406D-90A9-05F59B5D3381}.Release|x86.Build.0 = Release|Any CPU
		{8A27580F-ED8E-4C68-9F73-8F3CF6E6E32C}.Debug|Any CPU.ActiveCfg = Debug|Any CPU
		{8A27580F-ED8E-4C68-9F73-8F3CF6E6E32C}.Debug|Any CPU.Build.0 = Debug|Any CPU
		{8A27580F-ED8E-4C68-9F73-8F3CF6E6E32C}.Debug|x86.ActiveCfg = Debug|Any CPU
		{8A27580F-ED8E-4C68-9F73-8F3CF6E6E32C}.Debug|x86.Build.0 = Debug|Any CPU
		{8A27580F-ED8E-4C68-9F73-8F3CF6E6E32C}.Release|Any CPU.ActiveCfg = Release|Any CPU
		{8A27580F-ED8E-4C68-9F73-8F3CF6E6E32C}.Release|Any CPU.Build.0 = Release|Any CPU
		{8A27580F-ED8E-4C68-9F73-8F3CF6E6E32C}.Release|x86.ActiveCfg = Release|Any CPU
		{8A27580F-ED8E-4C68-9F73-8F3CF6E6E32C}.Release|x86.Build.0 = Release|Any CPU
		{2D9D01EA-D25D-4D93-A2CD-5DFC8C74C661}.Debug|Any CPU.ActiveCfg = Debug|Any CPU
		{2D9D01EA-D25D-4D93-A2CD-5DFC8C74C661}.Debug|Any CPU.Build.0 = Debug|Any CPU
		{2D9D01EA-D25D-4D93-A2CD-5DFC8C74C661}.Debug|x86.ActiveCfg = Debug|Any CPU
		{2D9D01EA-D25D-4D93-A2CD-5DFC8C74C661}.Debug|x86.Build.0 = Debug|Any CPU
		{2D9D01EA-D25D-4D93-A2CD-5DFC8C74C661}.Release|Any CPU.ActiveCfg = Release|Any CPU
		{2D9D01EA-D25D-4D93-A2CD-5DFC8C74C661}.Release|Any CPU.Build.0 = Release|Any CPU
		{2D9D01EA-D25D-4D93-A2CD-5DFC8C74C661}.Release|x86.ActiveCfg = Release|Any CPU
		{2D9D01EA-D25D-4D93-A2CD-5DFC8C74C661}.Release|x86.Build.0 = Release|Any CPU
	EndGlobalSection
	GlobalSection(SolutionProperties) = preSolution
		HideSolutionNode = FALSE
	EndGlobalSection
	GlobalSection(ExtensibilityGlobals) = postSolution
		SolutionGuid = {99B764C1-7128-40C5-B34A-42F62753DA79}
	EndGlobalSection
EndGlobal
